// !$*UTF8*$!
{
	archiveVersion = 1;
	classes = {
	};
	objectVersion = 48;
	objects = {

/* Begin PBXBuildFile section */
		4945C4481F92B0D40048B2B2 /* AppDelegate.swift in Sources */ = {isa = PBXBuildFile; fileRef = 4945C4471F92B0D40048B2B2 /* AppDelegate.swift */; };
		4945C44A1F92B0D40048B2B2 /* ViewController.swift in Sources */ = {isa = PBXBuildFile; fileRef = 4945C4491F92B0D40048B2B2 /* ViewController.swift */; };
		4945C44D1F92B0D40048B2B2 /* Main.storyboard in Resources */ = {isa = PBXBuildFile; fileRef = 4945C44B1F92B0D40048B2B2 /* Main.storyboard */; };
		4945C44F1F92B0D40048B2B2 /* Assets.xcassets in Resources */ = {isa = PBXBuildFile; fileRef = 4945C44E1F92B0D40048B2B2 /* Assets.xcassets */; };
		4945C4521F92B0D40048B2B2 /* LaunchScreen.storyboard in Resources */ = {isa = PBXBuildFile; fileRef = 4945C4501F92B0D40048B2B2 /* LaunchScreen.storyboard */; };
		4945C4601F936BCA0048B2B2 /* NDEFMessageWithWellKnownTypes.swift in Sources */ = {isa = PBXBuildFile; fileRef = 4945C45B1F936BBC0048B2B2 /* NDEFMessageWithWellKnownTypes.swift */; };
		4945C4611F936BCA0048B2B2 /* NDEFMessageWithWellKnownTypeUri.swift in Sources */ = {isa = PBXBuildFile; fileRef = 4945C45C1F936BBC0048B2B2 /* NDEFMessageWithWellKnownTypeUri.swift */; };
		4945C4621F936BCA0048B2B2 /* NFCForumWellKnownTypeProtocols.swift in Sources */ = {isa = PBXBuildFile; fileRef = 4945C45D1F936BBC0048B2B2 /* NFCForumWellKnownTypeProtocols.swift */; };
		4945C4631F936BCA0048B2B2 /* NFCForumWellKnownTypeSmartPoster.swift in Sources */ = {isa = PBXBuildFile; fileRef = 4945C45E1F936BBC0048B2B2 /* NFCForumWellKnownTypeSmartPoster.swift */; };
		4945C4641F936BCA0048B2B2 /* NFCForumWellKnownTypeText.swift in Sources */ = {isa = PBXBuildFile; fileRef = 4945C45F1F936BBC0048B2B2 /* NFCForumWellKnownTypeText.swift */; };
/* End PBXBuildFile section */

/* Begin PBXFileReference section */
		4945C4441F92B0D40048B2B2 /* NFC-Swift.app */ = {isa = PBXFileReference; explicitFileType = wrapper.application; includeInIndex = 0; path = "NFC-Swift.app"; sourceTree = BUILT_PRODUCTS_DIR; };
		4945C4471F92B0D40048B2B2 /* AppDelegate.swift */ = {isa = PBXFileReference; lastKnownFileType = sourcecode.swift; path = AppDelegate.swift; sourceTree = "<group>"; };
		4945C4491F92B0D40048B2B2 /* ViewController.swift */ = {isa = PBXFileReference; lastKnownFileType = sourcecode.swift; path = ViewController.swift; sourceTree = "<group>"; };
		4945C44C1F92B0D40048B2B2 /* Base */ = {isa = PBXFileReference; lastKnownFileType = file.storyboard; name = Base; path = Base.lproj/Main.storyboard; sourceTree = "<group>"; };
		4945C44E1F92B0D40048B2B2 /* Assets.xcassets */ = {isa = PBXFileReference; lastKnownFileType = folder.assetcatalog; path = Assets.xcassets; sourceTree = "<group>"; };
		4945C4511F92B0D40048B2B2 /* Base */ = {isa = PBXFileReference; lastKnownFileType = file.storyboard; name = Base; path = Base.lproj/LaunchScreen.storyboard; sourceTree = "<group>"; };
		4945C4531F92B0D40048B2B2 /* Info.plist */ = {isa = PBXFileReference; lastKnownFileType = text.plist.xml; path = Info.plist; sourceTree = "<group>"; };
		4945C4591F933CB80048B2B2 /* NFC-Swift.entitlements */ = {isa = PBXFileReference; lastKnownFileType = text.plist.entitlements; path = "NFC-Swift.entitlements"; sourceTree = "<group>"; };
		4945C45B1F936BBC0048B2B2 /* NDEFMessageWithWellKnownTypes.swift */ = {isa = PBXFileReference; lastKnownFileType = sourcecode.swift; name = NDEFMessageWithWellKnownTypes.swift; path = ../../../../NFCNDEFParse/NDEFMessageWithWellKnownTypes.swift; sourceTree = "<group>"; };
		4945C45C1F936BBC0048B2B2 /* NDEFMessageWithWellKnownTypeUri.swift */ = {isa = PBXFileReference; lastKnownFileType = sourcecode.swift; name = NDEFMessageWithWellKnownTypeUri.swift; path = ../../../../NFCNDEFParse/NDEFMessageWithWellKnownTypeUri.swift; sourceTree = "<group>"; };
		4945C45D1F936BBC0048B2B2 /* NFCForumWellKnownTypeProtocols.swift */ = {isa = PBXFileReference; lastKnownFileType = sourcecode.swift; name = NFCForumWellKnownTypeProtocols.swift; path = ../../../../NFCNDEFParse/NFCForumWellKnownTypeProtocols.swift; sourceTree = "<group>"; };
		4945C45E1F936BBC0048B2B2 /* NFCForumWellKnownTypeSmartPoster.swift */ = {isa = PBXFileReference; lastKnownFileType = sourcecode.swift; name = NFCForumWellKnownTypeSmartPoster.swift; path = ../../../../NFCNDEFParse/NFCForumWellKnownTypeSmartPoster.swift; sourceTree = "<group>"; };
		4945C45F1F936BBC0048B2B2 /* NFCForumWellKnownTypeText.swift */ = {isa = PBXFileReference; lastKnownFileType = sourcecode.swift; name = NFCForumWellKnownTypeText.swift; path = ../../../../NFCNDEFParse/NFCForumWellKnownTypeText.swift; sourceTree = "<group>"; };
/* End PBXFileReference section */

/* Begin PBXFrameworksBuildPhase section */
		4945C4411F92B0D40048B2B2 /* Frameworks */ = {
			isa = PBXFrameworksBuildPhase;
			buildActionMask = 2147483647;
			files = (
			);
			runOnlyForDeploymentPostprocessing = 0;
		};
/* End PBXFrameworksBuildPhase section */

/* Begin PBXGroup section */
		4945C43B1F92B0D40048B2B2 = {
			isa = PBXGroup;
			children = (
				4945C4461F92B0D40048B2B2 /* NFC-Swift */,
				4945C4451F92B0D40048B2B2 /* Products */,
			);
			sourceTree = "<group>";
		};
		4945C4451F92B0D40048B2B2 /* Products */ = {
			isa = PBXGroup;
			children = (
				4945C4441F92B0D40048B2B2 /* NFC-Swift.app */,
			);
			name = Products;
			sourceTree = "<group>";
		};
		4945C4461F92B0D40048B2B2 /* NFC-Swift */ = {
			isa = PBXGroup;
			children = (
				4945C45A1F936B9F0048B2B2 /* NFCNDEFParse */,
				4945C4591F933CB80048B2B2 /* NFC-Swift.entitlements */,
				4945C4471F92B0D40048B2B2 /* AppDelegate.swift */,
				4945C4491F92B0D40048B2B2 /* ViewController.swift */,
				4945C44B1F92B0D40048B2B2 /* Main.storyboard */,
				4945C44E1F92B0D40048B2B2 /* Assets.xcassets */,
				4945C4501F92B0D40048B2B2 /* LaunchScreen.storyboard */,
				4945C4531F92B0D40048B2B2 /* Info.plist */,
			);
			path = "NFC-Swift";
			sourceTree = "<group>";
		};
		4945C45A1F936B9F0048B2B2 /* NFCNDEFParse */ = {
			isa = PBXGroup;
			children = (
				4945C45B1F936BBC0048B2B2 /* NDEFMessageWithWellKnownTypes.swift */,
				4945C45C1F936BBC0048B2B2 /* NDEFMessageWithWellKnownTypeUri.swift */,
				4945C45D1F936BBC0048B2B2 /* NFCForumWellKnownTypeProtocols.swift */,
				4945C45E1F936BBC0048B2B2 /* NFCForumWellKnownTypeSmartPoster.swift */,
				4945C45F1F936BBC0048B2B2 /* NFCForumWellKnownTypeText.swift */,
			);
			path = NFCNDEFParse;
			sourceTree = "<group>";
		};
/* End PBXGroup section */

/* Begin PBXNativeTarget section */
		4945C4431F92B0D40048B2B2 /* NFC-Swift */ = {
			isa = PBXNativeTarget;
			buildConfigurationList = 4945C4561F92B0D40048B2B2 /* Build configuration list for PBXNativeTarget "NFC-Swift" */;
			buildPhases = (
				4945C4401F92B0D40048B2B2 /* Sources */,
				4945C4411F92B0D40048B2B2 /* Frameworks */,
				4945C4421F92B0D40048B2B2 /* Resources */,
			);
			buildRules = (
			);
			dependencies = (
			);
			name = "NFC-Swift";
			productName = "NFC-Swift";
			productReference = 4945C4441F92B0D40048B2B2 /* NFC-Swift.app */;
			productType = "com.apple.product-type.application";
		};
/* End PBXNativeTarget section */

/* Begin PBXProject section */
		4945C43C1F92B0D40048B2B2 /* Project object */ = {
			isa = PBXProject;
			attributes = {
				LastSwiftUpdateCheck = 0900;
				LastUpgradeCheck = 0900;
				ORGANIZATIONNAME = "Jari Kalinainen";
				TargetAttributes = {
					4945C4431F92B0D40048B2B2 = {
						CreatedOnToolsVersion = 9.0;
						ProvisioningStyle = Automatic;
						SystemCapabilities = {
							com.apple.NearFieldCommunicationTagReading = {
								enabled = 1;
							};
						};
					};
				};
			};
			buildConfigurationList = 4945C43F1F92B0D40048B2B2 /* Build configuration list for PBXProject "NFC-Swift" */;
			compatibilityVersion = "Xcode 8.0";
			developmentRegion = en;
			hasScannedForEncodings = 0;
			knownRegions = (
				en,
				Base,
			);
			mainGroup = 4945C43B1F92B0D40048B2B2;
			productRefGroup = 4945C4451F92B0D40048B2B2 /* Products */;
			projectDirPath = "";
			projectRoot = "";
			targets = (
				4945C4431F92B0D40048B2B2 /* NFC-Swift */,
			);
		};
/* End PBXProject section */

/* Begin PBXResourcesBuildPhase section */
		4945C4421F92B0D40048B2B2 /* Resources */ = {
			isa = PBXResourcesBuildPhase;
			buildActionMask = 2147483647;
			files = (
				4945C4521F92B0D40048B2B2 /* LaunchScreen.storyboard in Resources */,
				4945C44F1F92B0D40048B2B2 /* Assets.xcassets in Resources */,
				4945C44D1F92B0D40048B2B2 /* Main.storyboard in Resources */,
			);
			runOnlyForDeploymentPostprocessing = 0;
		};
/* End PBXResourcesBuildPhase section */

/* Begin PBXSourcesBuildPhase section */
		4945C4401F92B0D40048B2B2 /* Sources */ = {
			isa = PBXSourcesBuildPhase;
			buildActionMask = 2147483647;
			files = (
				4945C4601F936BCA0048B2B2 /* NDEFMessageWithWellKnownTypes.swift in Sources */,
				4945C4611F936BCA0048B2B2 /* NDEFMessageWithWellKnownTypeUri.swift in Sources */,
				4945C4621F936BCA0048B2B2 /* NFCForumWellKnownTypeProtocols.swift in Sources */,
				4945C4631F936BCA0048B2B2 /* NFCForumWellKnownTypeSmartPoster.swift in Sources */,
				4945C4641F936BCA0048B2B2 /* NFCForumWellKnownTypeText.swift in Sources */,
				4945C44A1F92B0D40048B2B2 /* ViewController.swift in Sources */,
				4945C4481F92B0D40048B2B2 /* AppDelegate.swift in Sources */,
			);
			runOnlyForDeploymentPostprocessing = 0;
		};
/* End PBXSourcesBuildPhase section */

/* Begin PBXVariantGroup section */
		4945C44B1F92B0D40048B2B2 /* Main.storyboard */ = {
			isa = PBXVariantGroup;
			children = (
				4945C44C1F92B0D40048B2B2 /* Base */,
			);
			name = Main.storyboard;
			sourceTree = "<group>";
		};
		4945C4501F92B0D40048B2B2 /* LaunchScreen.storyboard */ = {
			isa = PBXVariantGroup;
			children = (
				4945C4511F92B0D40048B2B2 /* Base */,
			);
			name = LaunchScreen.storyboard;
			sourceTree = "<group>";
		};
/* End PBXVariantGroup section */

/* Begin XCBuildConfiguration section */
		4945C4541F92B0D40048B2B2 /* Debug */ = {
			isa = XCBuildConfiguration;
			buildSettings = {
				ALWAYS_SEARCH_USER_PATHS = NO;
				CLANG_ANALYZER_NONNULL = YES;
				CLANG_ANALYZER_NUMBER_OBJECT_CONVERSION = YES_AGGRESSIVE;
				CLANG_CXX_LANGUAGE_STANDARD = "gnu++14";
				CLANG_CXX_LIBRARY = "libc++";
				CLANG_ENABLE_MODULES = YES;
				CLANG_ENABLE_OBJC_ARC = YES;
				CLANG_WARN_BLOCK_CAPTURE_AUTORELEASING = YES;
				CLANG_WARN_BOOL_CONVERSION = YES;
				CLANG_WARN_COMMA = YES;
				CLANG_WARN_CONSTANT_CONVERSION = YES;
				CLANG_WARN_DIRECT_OBJC_ISA_USAGE = YES_ERROR;
				CLANG_WARN_DOCUMENTATION_COMMENTS = YES;
				CLANG_WARN_EMPTY_BODY = YES;
				CLANG_WARN_ENUM_CONVERSION = YES;
				CLANG_WARN_INFINITE_RECURSION = YES;
				CLANG_WARN_INT_CONVERSION = YES;
				CLANG_WARN_NON_LITERAL_NULL_CONVERSION = YES;
				CLANG_WARN_OBJC_LITERAL_CONVERSION = YES;
				CLANG_WARN_OBJC_ROOT_CLASS = YES_ERROR;
				CLANG_WARN_RANGE_LOOP_ANALYSIS = YES;
				CLANG_WARN_STRICT_PROTOTYPES = YES;
				CLANG_WARN_SUSPICIOUS_MOVE = YES;
				CLANG_WARN_UNGUARDED_AVAILABILITY = YES_AGGRESSIVE;
				CLANG_WARN_UNREACHABLE_CODE = YES;
				CLANG_WARN__DUPLICATE_METHOD_MATCH = YES;
				CODE_SIGN_IDENTITY = "iPhone Developer";
				COPY_PHASE_STRIP = NO;
				DEBUG_INFORMATION_FORMAT = dwarf;
				ENABLE_STRICT_OBJC_MSGSEND = YES;
				ENABLE_TESTABILITY = YES;
				GCC_C_LANGUAGE_STANDARD = gnu11;
				GCC_DYNAMIC_NO_PIC = NO;
				GCC_NO_COMMON_BLOCKS = YES;
				GCC_OPTIMIZATION_LEVEL = 0;
				GCC_PREPROCESSOR_DEFINITIONS = (
					"DEBUG=1",
					"$(inherited)",
				);
				GCC_WARN_64_TO_32_BIT_CONVERSION = YES;
				GCC_WARN_ABOUT_RETURN_TYPE = YES_ERROR;
				GCC_WARN_UNDECLARED_SELECTOR = YES;
				GCC_WARN_UNINITIALIZED_AUTOS = YES_AGGRESSIVE;
				GCC_WARN_UNUSED_FUNCTION = YES;
				GCC_WARN_UNUSED_VARIABLE = YES;
				IPHONEOS_DEPLOYMENT_TARGET = 11.0;
				MTL_ENABLE_DEBUG_INFO = YES;
				ONLY_ACTIVE_ARCH = YES;
				SDKROOT = iphoneos;
				SWIFT_ACTIVE_COMPILATION_CONDITIONS = DEBUG;
				SWIFT_OPTIMIZATION_LEVEL = "-Onone";
			};
			name = Debug;
		};
		4945C4551F92B0D40048B2B2 /* Release */ = {
			isa = XCBuildConfiguration;
			buildSettings = {
				ALWAYS_SEARCH_USER_PATHS = NO;
				CLANG_ANALYZER_NONNULL = YES;
				CLANG_ANALYZER_NUMBER_OBJECT_CONVERSION = YES_AGGRESSIVE;
				CLANG_CXX_LANGUAGE_STANDARD = "gnu++14";
				CLANG_CXX_LIBRARY = "libc++";
				CLANG_ENABLE_MODULES = YES;
				CLANG_ENABLE_OBJC_ARC = YES;
				CLANG_WARN_BLOCK_CAPTURE_AUTORELEASING = YES;
				CLANG_WARN_BOOL_CONVERSION = YES;
				CLANG_WARN_COMMA = YES;
				CLANG_WARN_CONSTANT_CONVERSION = YES;
				CLANG_WARN_DIRECT_OBJC_ISA_USAGE = YES_ERROR;
				CLANG_WARN_DOCUMENTATION_COMMENTS = YES;
				CLANG_WARN_EMPTY_BODY = YES;
				CLANG_WARN_ENUM_CONVERSION = YES;
				CLANG_WARN_INFINITE_RECURSION = YES;
				CLANG_WARN_INT_CONVERSION = YES;
				CLANG_WARN_NON_LITERAL_NULL_CONVERSION = YES;
				CLANG_WARN_OBJC_LITERAL_CONVERSION = YES;
				CLANG_WARN_OBJC_ROOT_CLASS = YES_ERROR;
				CLANG_WARN_RANGE_LOOP_ANALYSIS = YES;
				CLANG_WARN_STRICT_PROTOTYPES = YES;
				CLANG_WARN_SUSPICIOUS_MOVE = YES;
				CLANG_WARN_UNGUARDED_AVAILABILITY = YES_AGGRESSIVE;
				CLANG_WARN_UNREACHABLE_CODE = YES;
				CLANG_WARN__DUPLICATE_METHOD_MATCH = YES;
				CODE_SIGN_IDENTITY = "iPhone Developer";
				COPY_PHASE_STRIP = NO;
				DEBUG_INFORMATION_FORMAT = "dwarf-with-dsym";
				ENABLE_NS_ASSERTIONS = NO;
				ENABLE_STRICT_OBJC_MSGSEND = YES;
				GCC_C_LANGUAGE_STANDARD = gnu11;
				GCC_NO_COMMON_BLOCKS = YES;
				GCC_WARN_64_TO_32_BIT_CONVERSION = YES;
				GCC_WARN_ABOUT_RETURN_TYPE = YES_ERROR;
				GCC_WARN_UNDECLARED_SELECTOR = YES;
				GCC_WARN_UNINITIALIZED_AUTOS = YES_AGGRESSIVE;
				GCC_WARN_UNUSED_FUNCTION = YES;
				GCC_WARN_UNUSED_VARIABLE = YES;
				IPHONEOS_DEPLOYMENT_TARGET = 11.0;
				MTL_ENABLE_DEBUG_INFO = NO;
				SDKROOT = iphoneos;
				SWIFT_OPTIMIZATION_LEVEL = "-Owholemodule";
				VALIDATE_PRODUCT = YES;
			};
			name = Release;
		};
		4945C4571F92B0D40048B2B2 /* Debug */ = {
			isa = XCBuildConfiguration;
			buildSettings = {
				ASSETCATALOG_COMPILER_APPICON_NAME = AppIcon;
				CODE_SIGN_ENTITLEMENTS = "NFC-Swift/NFC-Swift.entitlements";
				CODE_SIGN_STYLE = Automatic;
				DEVELOPMENT_TEAM = 23Z355DMXW;
				INFOPLIST_FILE = "NFC-Swift/Info.plist";
				LD_RUNPATH_SEARCH_PATHS = "$(inherited) @executable_path/Frameworks";
				PRODUCT_BUNDLE_IDENTIFIER = "com.klubitii.NFC-Swift";
				PRODUCT_NAME = "$(TARGET_NAME)";
				SWIFT_VERSION = 4.0;
				TARGETED_DEVICE_FAMILY = "1,2";
			};
			name = Debug;
		};
		4945C4581F92B0D40048B2B2 /* Release */ = {
			isa = XCBuildConfiguration;
			buildSettings = {
				ASSETCATALOG_COMPILER_APPICON_NAME = AppIcon;
				CODE_SIGN_ENTITLEMENTS = "NFC-Swift/NFC-Swift.entitlements";
				CODE_SIGN_STYLE = Automatic;
				DEVELOPMENT_TEAM = 23Z355DMXW;
				INFOPLIST_FILE = "NFC-Swift/Info.plist";
				LD_RUNPATH_SEARCH_PATHS = "$(inherited) @executable_path/Frameworks";
				PRODUCT_BUNDLE_IDENTIFIER = "com.klubitii.NFC-Swift";
				PRODUCT_NAME = "$(TARGET_NAME)";
				SWIFT_VERSION = 4.0;
				TARGETED_DEVICE_FAMILY = "1,2";
			};
			name = Release;
		};
/* End XCBuildConfiguration section */

/* Begin XCConfigurationList section */
		4945C43F1F92B0D40048B2B2 /* Build configuration list for PBXProject "NFC-Swift" */ = {
			isa = XCConfigurationList;
			buildConfigurations = (
				4945C4541F92B0D40048B2B2 /* Debug */,
				4945C4551F92B0D40048B2B2 /* Release */,
			);
			defaultConfigurationIsVisible = 0;
			defaultConfigurationName = Release;
		};
		4945C4561F92B0D40048B2B2 /* Build configuration list for PBXNativeTarget "NFC-Swift" */ = {
			isa = XCConfigurationList;
			buildConfigurations = (
				4945C4571F92B0D40048B2B2 /* Debug */,
				4945C4581F92B0D40048B2B2 /* Release */,
			);
			defaultConfigurationIsVisible = 0;
			defaultConfigurationName = Release;
		};
/* End XCConfigurationList section */
	};
	rootObject = 4945C43C1F92B0D40048B2B2 /* Project object */;
}
